{"is_source_file": false, "format": "", "description": "", "external_files": [], "external_methods": [], "published": [], "classes": [], "methods": [], "calls": [], "search-terms": [], "state": 2, "file_id": 14, "knowledge_revision": 30, "git_revision": "81c4b8b8061c523db39b89d7ad805f44fe369f0b", "hash": "9c4ed7ef73e22b872b8055bec08b8979", "format-version": 4, "code-base-name": "default", "filename": "noteapp/post_process_status.lock", "revision_history": [{"30": "81c4b8b8061c523db39b89d7ad805f44fe369f0b"}]}